
Microsoft Visual Studio Solution File, Format Version 12.00
# Visual Studio Version 16
VisualStudioVersion = 16.0.31321.278
MinimumVisualStudioVersion = 10.0.40219.1
Project("{8BC9CEB8-8B4A-11D0-8D11-00A0C91BC942}") = "2048_test", "2048_test\2048_test.vcxproj", "{50003CA9-FE35-4BC7-A036-9272B9339C8B}"
EndProject
Global
	GlobalSection(SolutionConfigurationPlatforms) = preSolution
		Debug|x64 = Debug|x64
		Debug|x86 = Debug|x86
		Release|x64 = Release|x64
		Release|x86 = Release|x86
	EndGlobalSection
	GlobalSection(ProjectConfigurationPlatforms) = postSolution
		{50003CA9-FE35-4BC7-A036-9272B9339C8B}.Debug|x64.ActiveCfg = Debug|x64
		{50003CA9-FE35-4BC7-A036-9272B9339C8B}.Debug|x64.Build.0 = Debug|x64
		{50003CA9-FE35-4BC7-A036-9272B9339C8B}.Debug|x86.ActiveCfg = Debug|Win32
		{50003CA9-FE35-4BC7-A036-9272B9339C8B}.Debug|x86.Build.0 = Debug|Win32
		{50003CA9-FE35-4BC7-A036-9272B9339C8B}.Release|x64.ActiveCfg = Release|x64
		{50003CA9-FE35-4BC7-A036-9272B9339C8B}.Release|x64.Build.0 = Release|x64
		{50003CA9-FE35-4BC7-A036-9272B9339C8B}.Release|x86.ActiveCfg = Release|Win32
		{50003CA9-FE35-4BC7-A036-9272B9339C8B}.Release|x86.Build.0 = Release|Win32
	EndGlobalSection
	GlobalSection(SolutionProperties) = preSolution
		HideSolutionNode = FALSE
	EndGlobalSection
	GlobalSection(ExtensibilityGlobals) = postSolution
		SolutionGuid = {B47D881F-FAF4-48EC-BA5F-F2BF5AFCD7E5}
	EndGlobalSection
EndGlobal
